
Microsoft Visual Studio Solution File, Format Version 12.00
# Visual Studio Version 17
VisualStudioVersion = 17.3.32825.248
MinimumVisualStudioVersion = 10.0.40219.1
Project("{FAE04EC0-301F-11D3-BF4B-00C04F79EFBC}") = "Arrays_16_Sept", "Arrays_16_Sept\Arrays_16_Sept.csproj", "{D85B8F74-E4F3-4BAF-9DAD-406092CE8C69}"
EndProject
Global
	GlobalSection(SolutionConfigurationPlatforms) = preSolution
		Debug|Any CPU = Debug|Any CPU
		Release|Any CPU = Release|Any CPU
	EndGlobalSection
	GlobalSection(ProjectConfigurationPlatforms) = postSolution
		{D85B8F74-E4F3-4BAF-9DAD-406092CE8C69}.Debug|Any CPU.ActiveCfg = Debug|Any CPU
		{D85B8F74-E4F3-4BAF-9DAD-406092CE8C69}.Debug|Any CPU.Build.0 = Debug|Any CPU
		{D85B8F74-E4F3-4BAF-9DAD-406092CE8C69}.Release|Any CPU.ActiveCfg = Release|Any CPU
		{D85B8F74-E4F3-4BAF-9DAD-406092CE8C69}.Release|Any CPU.Build.0 = Release|Any CPU
	EndGlobalSection
	GlobalSection(SolutionProperties) = preSolution
		HideSolutionNode = FALSE
	EndGlobalSection
	GlobalSection(ExtensibilityGlobals) = postSolution
		SolutionGuid = {0D2517EB-4649-4B9E-AC87-47C4198FFC57}
	EndGlobalSection
EndGlobal
